
Microsoft Visual Studio Solution File, Format Version 12.00
# Visual Studio Version 17
VisualStudioVersion = 17.5.33424.131
MinimumVisualStudioVersion = 10.0.40219.1
Project("{9A19103F-16F7-4668-BE54-9A1E7A4F7556}") = "JogoForcaCorrreção", "JogoForcaCorrreção\JogoForcaCorrreção.csproj", "{66D1F0A5-A227-405C-BDBE-AA4C33B6DCE8}"
EndProject
Project("{FAE04EC0-301F-11D3-BF4B-00C04F79EFBC}") = "JogoForca", "JogoForca\JogoForca.csproj", "{8A066036-DEC4-4989-974E-6EC8F18AA97E}"
EndProject
Global
	GlobalSection(SolutionConfigurationPlatforms) = preSolution
		Debug|Any CPU = Debug|Any CPU
		Release|Any CPU = Release|Any CPU
	EndGlobalSection
	GlobalSection(ProjectConfigurationPlatforms) = postSolution
		{66D1F0A5-A227-405C-BDBE-AA4C33B6DCE8}.Debug|Any CPU.ActiveCfg = Debug|Any CPU
		{66D1F0A5-A227-405C-BDBE-AA4C33B6DCE8}.Debug|Any CPU.Build.0 = Debug|Any CPU
		{66D1F0A5-A227-405C-BDBE-AA4C33B6DCE8}.Release|Any CPU.ActiveCfg = Release|Any CPU
		{66D1F0A5-A227-405C-BDBE-AA4C33B6DCE8}.Release|Any CPU.Build.0 = Release|Any CPU
		{8A066036-DEC4-4989-974E-6EC8F18AA97E}.Debug|Any CPU.ActiveCfg = Debug|Any CPU
		{8A066036-DEC4-4989-974E-6EC8F18AA97E}.Debug|Any CPU.Build.0 = Debug|Any CPU
		{8A066036-DEC4-4989-974E-6EC8F18AA97E}.Release|Any CPU.ActiveCfg = Release|Any CPU
		{8A066036-DEC4-4989-974E-6EC8F18AA97E}.Release|Any CPU.Build.0 = Release|Any CPU
	EndGlobalSection
	GlobalSection(SolutionProperties) = preSolution
		HideSolutionNode = FALSE
	EndGlobalSection
	GlobalSection(ExtensibilityGlobals) = postSolution
		SolutionGuid = {15DD61F9-4F9B-4395-9B99-16D0C83E2FE7}
	EndGlobalSection
EndGlobal
